
Microsoft Visual Studio Solution File, Format Version 12.00
# Visual Studio Version 17
VisualStudioVersion = 17.2.32630.192
MinimumVisualStudioVersion = 10.0.40219.1
Project("{9A19103F-16F7-4668-BE54-9A1E7A4F7556}") = "Data", "Data\Data.csproj", "{524073FC-EFB0-4AD6-A4FD-2AAD90208141}"
EndProject
Project("{9A19103F-16F7-4668-BE54-9A1E7A4F7556}") = "TestProject", "TestProject\TestProject.csproj", "{92627698-EE5B-4A73-8EC0-0B059599CADB}"
EndProject
Project("{9A19103F-16F7-4668-BE54-9A1E7A4F7556}") = "Logic", "Logic\Logic.csproj", "{1EF62B9B-2345-49C0-8D85-A3B01EE04165}"
EndProject
Project("{2150E333-8FDC-42A3-9474-1A3956D46DE8}") = "Presentation", "Presentation", "{E4A17F17-40D0-4A76-9ED8-943EEAE4108D}"
EndProject
Project("{9A19103F-16F7-4668-BE54-9A1E7A4F7556}") = "ViewModel", "ViewModel\ViewModel.csproj", "{876881ED-73AB-4BD2-B4B5-35FD9853121A}"
EndProject
Project("{9A19103F-16F7-4668-BE54-9A1E7A4F7556}") = "Model", "Model\Model.csproj", "{99CD2346-CE5C-42F5-A15B-6F1B50F5D5C2}"
EndProject
Project("{9A19103F-16F7-4668-BE54-9A1E7A4F7556}") = "View", "View\View.csproj", "{42BD5B8E-ABA4-4C9C-9E8D-8AB0D32C6C4C}"
EndProject
Project("{2150E333-8FDC-42A3-9474-1A3956D46DE8}") = "Tests", "Tests", "{86A55EE0-0A4B-4A16-A5AB-CEE80A793544}"
EndProject
Project("{FAE04EC0-301F-11D3-BF4B-00C04F79EFBC}") = "DataTests", "DataTests\DataTests.csproj", "{94154D90-CDCD-4E0A-B72B-EBA520E66C84}"
EndProject
Global
	GlobalSection(SolutionConfigurationPlatforms) = preSolution
		Debug|Any CPU = Debug|Any CPU
		Release|Any CPU = Release|Any CPU
	EndGlobalSection
	GlobalSection(ProjectConfigurationPlatforms) = postSolution
		{524073FC-EFB0-4AD6-A4FD-2AAD90208141}.Debug|Any CPU.ActiveCfg = Debug|Any CPU
		{524073FC-EFB0-4AD6-A4FD-2AAD90208141}.Debug|Any CPU.Build.0 = Debug|Any CPU
		{524073FC-EFB0-4AD6-A4FD-2AAD90208141}.Release|Any CPU.ActiveCfg = Release|Any CPU
		{524073FC-EFB0-4AD6-A4FD-2AAD90208141}.Release|Any CPU.Build.0 = Release|Any CPU
		{92627698-EE5B-4A73-8EC0-0B059599CADB}.Debug|Any CPU.ActiveCfg = Debug|Any CPU
		{92627698-EE5B-4A73-8EC0-0B059599CADB}.Debug|Any CPU.Build.0 = Debug|Any CPU
		{92627698-EE5B-4A73-8EC0-0B059599CADB}.Release|Any CPU.ActiveCfg = Release|Any CPU
		{92627698-EE5B-4A73-8EC0-0B059599CADB}.Release|Any CPU.Build.0 = Release|Any CPU
		{1EF62B9B-2345-49C0-8D85-A3B01EE04165}.Debug|Any CPU.ActiveCfg = Debug|Any CPU
		{1EF62B9B-2345-49C0-8D85-A3B01EE04165}.Debug|Any CPU.Build.0 = Debug|Any CPU
		{1EF62B9B-2345-49C0-8D85-A3B01EE04165}.Release|Any CPU.ActiveCfg = Release|Any CPU
		{1EF62B9B-2345-49C0-8D85-A3B01EE04165}.Release|Any CPU.Build.0 = Release|Any CPU
		{876881ED-73AB-4BD2-B4B5-35FD9853121A}.Debug|Any CPU.ActiveCfg = Debug|Any CPU
		{876881ED-73AB-4BD2-B4B5-35FD9853121A}.Debug|Any CPU.Build.0 = Debug|Any CPU
		{876881ED-73AB-4BD2-B4B5-35FD9853121A}.Release|Any CPU.ActiveCfg = Release|Any CPU
		{876881ED-73AB-4BD2-B4B5-35FD9853121A}.Release|Any CPU.Build.0 = Release|Any CPU
		{99CD2346-CE5C-42F5-A15B-6F1B50F5D5C2}.Debug|Any CPU.ActiveCfg = Debug|Any CPU
		{99CD2346-CE5C-42F5-A15B-6F1B50F5D5C2}.Debug|Any CPU.Build.0 = Debug|Any CPU
		{99CD2346-CE5C-42F5-A15B-6F1B50F5D5C2}.Release|Any CPU.ActiveCfg = Release|Any CPU
		{99CD2346-CE5C-42F5-A15B-6F1B50F5D5C2}.Release|Any CPU.Build.0 = Release|Any CPU
		{42BD5B8E-ABA4-4C9C-9E8D-8AB0D32C6C4C}.Debug|Any CPU.ActiveCfg = Debug|Any CPU
		{42BD5B8E-ABA4-4C9C-9E8D-8AB0D32C6C4C}.Debug|Any CPU.Build.0 = Debug|Any CPU
		{42BD5B8E-ABA4-4C9C-9E8D-8AB0D32C6C4C}.Release|Any CPU.ActiveCfg = Release|Any CPU
		{42BD5B8E-ABA4-4C9C-9E8D-8AB0D32C6C4C}.Release|Any CPU.Build.0 = Release|Any CPU
		{94154D90-CDCD-4E0A-B72B-EBA520E66C84}.Debug|Any CPU.ActiveCfg = Debug|Any CPU
		{94154D90-CDCD-4E0A-B72B-EBA520E66C84}.Debug|Any CPU.Build.0 = Debug|Any CPU
		{94154D90-CDCD-4E0A-B72B-EBA520E66C84}.Release|Any CPU.ActiveCfg = Release|Any CPU
		{94154D90-CDCD-4E0A-B72B-EBA520E66C84}.Release|Any CPU.Build.0 = Release|Any CPU
	EndGlobalSection
	GlobalSection(SolutionProperties) = preSolution
		HideSolutionNode = FALSE
	EndGlobalSection
	GlobalSection(NestedProjects) = preSolution
		{876881ED-73AB-4BD2-B4B5-35FD9853121A} = {E4A17F17-40D0-4A76-9ED8-943EEAE4108D}
		{99CD2346-CE5C-42F5-A15B-6F1B50F5D5C2} = {E4A17F17-40D0-4A76-9ED8-943EEAE4108D}
		{42BD5B8E-ABA4-4C9C-9E8D-8AB0D32C6C4C} = {E4A17F17-40D0-4A76-9ED8-943EEAE4108D}
		{94154D90-CDCD-4E0A-B72B-EBA520E66C84} = {86A55EE0-0A4B-4A16-A5AB-CEE80A793544}
	EndGlobalSection
	GlobalSection(ExtensibilityGlobals) = postSolution
		SolutionGuid = {DCBBE7A5-E3E2-4685-A43C-A4C740730E78}
	EndGlobalSection
EndGlobal
